// !$*UTF8*$!
{
	archiveVersion = 1;
	classes = {
	};
	objectVersion = 50;
	objects = {

/* Begin PBXBuildFile section */
		6C0A0E5923A126400008A241 /* AppDelegate.swift in Sources */ = {isa = PBXBuildFile; fileRef = 6C0A0E5823A126400008A241 /* AppDelegate.swift */; };
		6C0A0E5B23A126400008A241 /* HomeViewController.swift in Sources */ = {isa = PBXBuildFile; fileRef = 6C0A0E5A23A126400008A241 /* HomeViewController.swift */; };
		6C0A0E5E23A126400008A241 /* Main.storyboard in Resources */ = {isa = PBXBuildFile; fileRef = 6C0A0E5C23A126400008A241 /* Main.storyboard */; };
		6C0A0E6023A126420008A241 /* Assets.xcassets in Resources */ = {isa = PBXBuildFile; fileRef = 6C0A0E5F23A126420008A241 /* Assets.xcassets */; };
		6C0A0E6323A126420008A241 /* LaunchScreen.storyboard in Resources */ = {isa = PBXBuildFile; fileRef = 6C0A0E6123A126420008A241 /* LaunchScreen.storyboard */; };
		6C0A0E6E23A128B70008A241 /* FoodCategory.swift in Sources */ = {isa = PBXBuildFile; fileRef = 6C0A0E6D23A128B70008A241 /* FoodCategory.swift */; };
		6C0A0E7023A128FC0008A241 /* Recipe.swift in Sources */ = {isa = PBXBuildFile; fileRef = 6C0A0E6F23A128FC0008A241 /* Recipe.swift */; };
		6C0A0E7223A129450008A241 /* DataSet.swift in Sources */ = {isa = PBXBuildFile; fileRef = 6C0A0E7123A129450008A241 /* DataSet.swift */; };
		6CDDE41E23A6FEF800DE9EB2 /* MenuListTableViewCell.swift in Sources */ = {isa = PBXBuildFile; fileRef = 6CDDE41D23A6FEF800DE9EB2 /* MenuListTableViewCell.swift */; };
		6CDDE42023A7043300DE9EB2 /* RecipesSelectionViewController.swift in Sources */ = {isa = PBXBuildFile; fileRef = 6CDDE41F23A7043300DE9EB2 /* RecipesSelectionViewController.swift */; };
		6CDDE42223A7080E00DE9EB2 /* RecipeCollectionViewCell.swift in Sources */ = {isa = PBXBuildFile; fileRef = 6CDDE42123A7080E00DE9EB2 /* RecipeCollectionViewCell.swift */; };
		6CDDE42423A70FE000DE9EB2 /* RecipeDetailViewController.swift in Sources */ = {isa = PBXBuildFile; fileRef = 6CDDE42323A70FE000DE9EB2 /* RecipeDetailViewController.swift */; };
/* End PBXBuildFile section */

/* Begin PBXFileReference section */
		6C0A0E5523A126400008A241 /* Ask_RecipeApp.app */ = {isa = PBXFileReference; explicitFileType = wrapper.application; includeInIndex = 0; path = Ask_RecipeApp.app; sourceTree = BUILT_PRODUCTS_DIR; };
		6C0A0E5823A126400008A241 /* AppDelegate.swift */ = {isa = PBXFileReference; lastKnownFileType = sourcecode.swift; path = AppDelegate.swift; sourceTree = "<group>"; };
		6C0A0E5A23A126400008A241 /* HomeViewController.swift */ = {isa = PBXFileReference; lastKnownFileType = sourcecode.swift; path = HomeViewController.swift; sourceTree = "<group>"; };
		6C0A0E5D23A126400008A241 /* Base */ = {isa = PBXFileReference; lastKnownFileType = file.storyboard; name = Base; path = Base.lproj/Main.storyboard; sourceTree = "<group>"; };
		6C0A0E5F23A126420008A241 /* Assets.xcassets */ = {isa = PBXFileReference; lastKnownFileType = folder.assetcatalog; path = Assets.xcassets; sourceTree = "<group>"; };
		6C0A0E6223A126420008A241 /* Base */ = {isa = PBXFileReference; lastKnownFileType = file.storyboard; name = Base; path = Base.lproj/LaunchScreen.storyboard; sourceTree = "<group>"; };
		6C0A0E6423A126420008A241 /* Info.plist */ = {isa = PBXFileReference; lastKnownFileType = text.plist.xml; path = Info.plist; sourceTree = "<group>"; };
		6C0A0E6D23A128B70008A241 /* FoodCategory.swift */ = {isa = PBXFileReference; lastKnownFileType = sourcecode.swift; path = FoodCategory.swift; sourceTree = "<group>"; };
		6C0A0E6F23A128FC0008A241 /* Recipe.swift */ = {isa = PBXFileReference; lastKnownFileType = sourcecode.swift; path = Recipe.swift; sourceTree = "<group>"; };
		6C0A0E7123A129450008A241 /* DataSet.swift */ = {isa = PBXFileReference; lastKnownFileType = sourcecode.swift; path = DataSet.swift; sourceTree = "<group>"; };
		6CDDE41D23A6FEF800DE9EB2 /* MenuListTableViewCell.swift */ = {isa = PBXFileReference; lastKnownFileType = sourcecode.swift; path = MenuListTableViewCell.swift; sourceTree = "<group>"; };
		6CDDE41F23A7043300DE9EB2 /* RecipesSelectionViewController.swift */ = {isa = PBXFileReference; lastKnownFileType = sourcecode.swift; path = RecipesSelectionViewController.swift; sourceTree = "<group>"; };
		6CDDE42123A7080E00DE9EB2 /* RecipeCollectionViewCell.swift */ = {isa = PBXFileReference; lastKnownFileType = sourcecode.swift; path = RecipeCollectionViewCell.swift; sourceTree = "<group>"; };
		6CDDE42323A70FE000DE9EB2 /* RecipeDetailViewController.swift */ = {isa = PBXFileReference; lastKnownFileType = sourcecode.swift; path = RecipeDetailViewController.swift; sourceTree = "<group>"; };
/* End PBXFileReference section */

/* Begin PBXFrameworksBuildPhase section */
		6C0A0E5223A126400008A241 /* Frameworks */ = {
			isa = PBXFrameworksBuildPhase;
			buildActionMask = 2147483647;
			files = (
			);
			runOnlyForDeploymentPostprocessing = 0;
		};
/* End PBXFrameworksBuildPhase section */

/* Begin PBXGroup section */
		6C0A0E4C23A126400008A241 = {
			isa = PBXGroup;
			children = (
				6C0A0E5723A126400008A241 /* Ask_RecipeApp */,
				6C0A0E5623A126400008A241 /* Products */,
			);
			sourceTree = "<group>";
		};
		6C0A0E5623A126400008A241 /* Products */ = {
			isa = PBXGroup;
			children = (
				6C0A0E5523A126400008A241 /* Ask_RecipeApp.app */,
			);
			name = Products;
			sourceTree = "<group>";
		};
		6C0A0E5723A126400008A241 /* Ask_RecipeApp */ = {
			isa = PBXGroup;
			children = (
				6C0A0E6A23A128880008A241 /* Model */,
				6C0A0E6B23A128930008A241 /* View */,
				6C0A0E6C23A1289A0008A241 /* Controller */,
				6C0A0E5823A126400008A241 /* AppDelegate.swift */,
				6C0A0E5C23A126400008A241 /* Main.storyboard */,
				6C0A0E5F23A126420008A241 /* Assets.xcassets */,
				6C0A0E6123A126420008A241 /* LaunchScreen.storyboard */,
				6C0A0E6423A126420008A241 /* Info.plist */,
			);
			path = Ask_RecipeApp;
			sourceTree = "<group>";
		};
		6C0A0E6A23A128880008A241 /* Model */ = {
			isa = PBXGroup;
			children = (
				6C0A0E6D23A128B70008A241 /* FoodCategory.swift */,
				6C0A0E6F23A128FC0008A241 /* Recipe.swift */,
				6C0A0E7123A129450008A241 /* DataSet.swift */,
			);
			path = Model;
			sourceTree = "<group>";
		};
		6C0A0E6B23A128930008A241 /* View */ = {
			isa = PBXGroup;
			children = (
				6CDDE41D23A6FEF800DE9EB2 /* MenuListTableViewCell.swift */,
				6CDDE42123A7080E00DE9EB2 /* RecipeCollectionViewCell.swift */,
			);
			path = View;
			sourceTree = "<group>";
		};
		6C0A0E6C23A1289A0008A241 /* Controller */ = {
			isa = PBXGroup;
			children = (
				6C0A0E5A23A126400008A241 /* HomeViewController.swift */,
				6CDDE41F23A7043300DE9EB2 /* RecipesSelectionViewController.swift */,
				6CDDE42323A70FE000DE9EB2 /* RecipeDetailViewController.swift */,
			);
			path = Controller;
			sourceTree = "<group>";
		};
/* End PBXGroup section */

/* Begin PBXNativeTarget section */
		6C0A0E5423A126400008A241 /* Ask_RecipeApp */ = {
			isa = PBXNativeTarget;
			buildConfigurationList = 6C0A0E6723A126420008A241 /* Build configuration list for PBXNativeTarget "Ask_RecipeApp" */;
			buildPhases = (
				6C0A0E5123A126400008A241 /* Sources */,
				6C0A0E5223A126400008A241 /* Frameworks */,
				6C0A0E5323A126400008A241 /* Resources */,
			);
			buildRules = (
			);
			dependencies = (
			);
			name = Ask_RecipeApp;
			productName = Ask_RecipeApp;
			productReference = 6C0A0E5523A126400008A241 /* Ask_RecipeApp.app */;
			productType = "com.apple.product-type.application";
		};
/* End PBXNativeTarget section */

/* Begin PBXProject section */
		6C0A0E4D23A126400008A241 /* Project object */ = {
			isa = PBXProject;
			attributes = {
				LastSwiftUpdateCheck = 1030;
				LastUpgradeCheck = 1030;
				ORGANIZATIONNAME = "Arun Mora";
				TargetAttributes = {
					6C0A0E5423A126400008A241 = {
						CreatedOnToolsVersion = 10.3;
					};
				};
			};
			buildConfigurationList = 6C0A0E5023A126400008A241 /* Build configuration list for PBXProject "Ask_RecipeApp" */;
			compatibilityVersion = "Xcode 9.3";
			developmentRegion = en;
			hasScannedForEncodings = 0;
			knownRegions = (
				en,
				Base,
			);
			mainGroup = 6C0A0E4C23A126400008A241;
			productRefGroup = 6C0A0E5623A126400008A241 /* Products */;
			projectDirPath = "";
			projectRoot = "";
			targets = (
				6C0A0E5423A126400008A241 /* Ask_RecipeApp */,
			);
		};
/* End PBXProject section */

/* Begin PBXResourcesBuildPhase section */
		6C0A0E5323A126400008A241 /* Resources */ = {
			isa = PBXResourcesBuildPhase;
			buildActionMask = 2147483647;
			files = (
				6C0A0E6323A126420008A241 /* LaunchScreen.storyboard in Resources */,
				6C0A0E6023A126420008A241 /* Assets.xcassets in Resources */,
				6C0A0E5E23A126400008A241 /* Main.storyboard in Resources */,
			);
			runOnlyForDeploymentPostprocessing = 0;
		};
/* End PBXResourcesBuildPhase section */

/* Begin PBXSourcesBuildPhase section */
		6C0A0E5123A126400008A241 /* Sources */ = {
			isa = PBXSourcesBuildPhase;
			buildActionMask = 2147483647;
			files = (
				6CDDE42223A7080E00DE9EB2 /* RecipeCollectionViewCell.swift in Sources */,
				6CDDE42423A70FE000DE9EB2 /* RecipeDetailViewController.swift in Sources */,
				6CDDE42023A7043300DE9EB2 /* RecipesSelectionViewController.swift in Sources */,
				6CDDE41E23A6FEF800DE9EB2 /* MenuListTableViewCell.swift in Sources */,
				6C0A0E5B23A126400008A241 /* HomeViewController.swift in Sources */,
				6C0A0E7223A129450008A241 /* DataSet.swift in Sources */,
				6C0A0E6E23A128B70008A241 /* FoodCategory.swift in Sources */,
				6C0A0E5923A126400008A241 /* AppDelegate.swift in Sources */,
				6C0A0E7023A128FC0008A241 /* Recipe.swift in Sources */,
			);
			runOnlyForDeploymentPostprocessing = 0;
		};
/* End PBXSourcesBuildPhase section */

/* Begin PBXVariantGroup section */
		6C0A0E5C23A126400008A241 /* Main.storyboard */ = {
			isa = PBXVariantGroup;
			children = (
				6C0A0E5D23A126400008A241 /* Base */,
			);
			name = Main.storyboard;
			sourceTree = "<group>";
		};
		6C0A0E6123A126420008A241 /* LaunchScreen.storyboard */ = {
			isa = PBXVariantGroup;
			children = (
				6C0A0E6223A126420008A241 /* Base */,
			);
			name = LaunchScreen.storyboard;
			sourceTree = "<group>";
		};
/* End PBXVariantGroup section */

/* Begin XCBuildConfiguration section */
		6C0A0E6523A126420008A241 /* Debug */ = {
			isa = XCBuildConfiguration;
			buildSettings = {
				ALWAYS_SEARCH_USER_PATHS = NO;
				CLANG_ANALYZER_NONNULL = YES;
				CLANG_ANALYZER_NUMBER_OBJECT_CONVERSION = YES_AGGRESSIVE;
				CLANG_CXX_LANGUAGE_STANDARD = "gnu++14";
				CLANG_CXX_LIBRARY = "libc++";
				CLANG_ENABLE_MODULES = YES;
				CLANG_ENABLE_OBJC_ARC = YES;
				CLANG_ENABLE_OBJC_WEAK = YES;
				CLANG_WARN_BLOCK_CAPTURE_AUTORELEASING = YES;
				CLANG_WARN_BOOL_CONVERSION = YES;
				CLANG_WARN_COMMA = YES;
				CLANG_WARN_CONSTANT_CONVERSION = YES;
				CLANG_WARN_DEPRECATED_OBJC_IMPLEMENTATIONS = YES;
				CLANG_WARN_DIRECT_OBJC_ISA_USAGE = YES_ERROR;
				CLANG_WARN_DOCUMENTATION_COMMENTS = YES;
				CLANG_WARN_EMPTY_BODY = YES;
				CLANG_WARN_ENUM_CONVERSION = YES;
				CLANG_WARN_INFINITE_RECURSION = YES;
				CLANG_WARN_INT_CONVERSION = YES;
				CLANG_WARN_NON_LITERAL_NULL_CONVERSION = YES;
				CLANG_WARN_OBJC_IMPLICIT_RETAIN_SELF = YES;
				CLANG_WARN_OBJC_LITERAL_CONVERSION = YES;
				CLANG_WARN_OBJC_ROOT_CLASS = YES_ERROR;
				CLANG_WARN_RANGE_LOOP_ANALYSIS = YES;
				CLANG_WARN_STRICT_PROTOTYPES = YES;
				CLANG_WARN_SUSPICIOUS_MOVE = YES;
				CLANG_WARN_UNGUARDED_AVAILABILITY = YES_AGGRESSIVE;
				CLANG_WARN_UNREACHABLE_CODE = YES;
				CLANG_WARN__DUPLICATE_METHOD_MATCH = YES;
				CODE_SIGN_IDENTITY = "iPhone Developer";
				COPY_PHASE_STRIP = NO;
				DEBUG_INFORMATION_FORMAT = dwarf;
				ENABLE_STRICT_OBJC_MSGSEND = YES;
				ENABLE_TESTABILITY = YES;
				GCC_C_LANGUAGE_STANDARD = gnu11;
				GCC_DYNAMIC_NO_PIC = NO;
				GCC_NO_COMMON_BLOCKS = YES;
				GCC_OPTIMIZATION_LEVEL = 0;
				GCC_PREPROCESSOR_DEFINITIONS = (
					"DEBUG=1",
					"$(inherited)",
				);
				GCC_WARN_64_TO_32_BIT_CONVERSION = YES;
				GCC_WARN_ABOUT_RETURN_TYPE = YES_ERROR;
				GCC_WARN_UNDECLARED_SELECTOR = YES;
				GCC_WARN_UNINITIALIZED_AUTOS = YES_AGGRESSIVE;
				GCC_WARN_UNUSED_FUNCTION = YES;
				GCC_WARN_UNUSED_VARIABLE = YES;
				IPHONEOS_DEPLOYMENT_TARGET = 12.4;
				MTL_ENABLE_DEBUG_INFO = INCLUDE_SOURCE;
				MTL_FAST_MATH = YES;
				ONLY_ACTIVE_ARCH = YES;
				SDKROOT = iphoneos;
				SWIFT_ACTIVE_COMPILATION_CONDITIONS = DEBUG;
				SWIFT_OPTIMIZATION_LEVEL = "-Onone";
			};
			name = Debug;
		};
		6C0A0E6623A126420008A241 /* Release */ = {
			isa = XCBuildConfiguration;
			buildSettings = {
				ALWAYS_SEARCH_USER_PATHS = NO;
				CLANG_ANALYZER_NONNULL = YES;
				CLANG_ANALYZER_NUMBER_OBJECT_CONVERSION = YES_AGGRESSIVE;
				CLANG_CXX_LANGUAGE_STANDARD = "gnu++14";
				CLANG_CXX_LIBRARY = "libc++";
				CLANG_ENABLE_MODULES = YES;
				CLANG_ENABLE_OBJC_ARC = YES;
				CLANG_ENABLE_OBJC_WEAK = YES;
				CLANG_WARN_BLOCK_CAPTURE_AUTORELEASING = YES;
				CLANG_WARN_BOOL_CONVERSION = YES;
				CLANG_WARN_COMMA = YES;
				CLANG_WARN_CONSTANT_CONVERSION = YES;
				CLANG_WARN_DEPRECATED_OBJC_IMPLEMENTATIONS = YES;
				CLANG_WARN_DIRECT_OBJC_ISA_USAGE = YES_ERROR;
				CLANG_WARN_DOCUMENTATION_COMMENTS = YES;
				CLANG_WARN_EMPTY_BODY = YES;
				CLANG_WARN_ENUM_CONVERSION = YES;
				CLANG_WARN_INFINITE_RECURSION = YES;
				CLANG_WARN_INT_CONVERSION = YES;
				CLANG_WARN_NON_LITERAL_NULL_CONVERSION = YES;
				CLANG_WARN_OBJC_IMPLICIT_RETAIN_SELF = YES;
				CLANG_WARN_OBJC_LITERAL_CONVERSION = YES;
				CLANG_WARN_OBJC_ROOT_CLASS = YES_ERROR;
				CLANG_WARN_RANGE_LOOP_ANALYSIS = YES;
				CLANG_WARN_STRICT_PROTOTYPES = YES;
				CLANG_WARN_SUSPICIOUS_MOVE = YES;
				CLANG_WARN_UNGUARDED_AVAILABILITY = YES_AGGRESSIVE;
				CLANG_WARN_UNREACHABLE_CODE = YES;
				CLANG_WARN__DUPLICATE_METHOD_MATCH = YES;
				CODE_SIGN_IDENTITY = "iPhone Developer";
				COPY_PHASE_STRIP = NO;
				DEBUG_INFORMATION_FORMAT = "dwarf-with-dsym";
				ENABLE_NS_ASSERTIONS = NO;
				ENABLE_STRICT_OBJC_MSGSEND = YES;
				GCC_C_LANGUAGE_STANDARD = gnu11;
				GCC_NO_COMMON_BLOCKS = YES;
				GCC_WARN_64_TO_32_BIT_CONVERSION = YES;
				GCC_WARN_ABOUT_RETURN_TYPE = YES_ERROR;
				GCC_WARN_UNDECLARED_SELECTOR = YES;
				GCC_WARN_UNINITIALIZED_AUTOS = YES_AGGRESSIVE;
				GCC_WARN_UNUSED_FUNCTION = YES;
				GCC_WARN_UNUSED_VARIABLE = YES;
				IPHONEOS_DEPLOYMENT_TARGET = 12.4;
				MTL_ENABLE_DEBUG_INFO = NO;
				MTL_FAST_MATH = YES;
				SDKROOT = iphoneos;
				SWIFT_COMPILATION_MODE = wholemodule;
				SWIFT_OPTIMIZATION_LEVEL = "-O";
				VALIDATE_PRODUCT = YES;
			};
			name = Release;
		};
		6C0A0E6823A126420008A241 /* Debug */ = {
			isa = XCBuildConfiguration;
			buildSettings = {
				ASSETCATALOG_COMPILER_APPICON_NAME = AppIcon;
				CODE_SIGN_STYLE = Automatic;
				INFOPLIST_FILE = Ask_RecipeApp/Info.plist;
				LD_RUNPATH_SEARCH_PATHS = (
					"$(inherited)",
					"@executable_path/Frameworks",
				);
				PRODUCT_BUNDLE_IDENTIFIER = "com.AKMora.Ask-RecipeApp";
				PRODUCT_NAME = "$(TARGET_NAME)";
				SWIFT_VERSION = 5.0;
				TARGETED_DEVICE_FAMILY = "1,2";
			};
			name = Debug;
		};
		6C0A0E6923A126420008A241 /* Release */ = {
			isa = XCBuildConfiguration;
			buildSettings = {
				ASSETCATALOG_COMPILER_APPICON_NAME = AppIcon;
				CODE_SIGN_STYLE = Automatic;
				INFOPLIST_FILE = Ask_RecipeApp/Info.plist;
				LD_RUNPATH_SEARCH_PATHS = (
					"$(inherited)",
					"@executable_path/Frameworks",
				);
				PRODUCT_BUNDLE_IDENTIFIER = "com.AKMora.Ask-RecipeApp";
				PRODUCT_NAME = "$(TARGET_NAME)";
				SWIFT_VERSION = 5.0;
				TARGETED_DEVICE_FAMILY = "1,2";
			};
			name = Release;
		};
/* End XCBuildConfiguration section */

/* Begin XCConfigurationList section */
		6C0A0E5023A126400008A241 /* Build configuration list for PBXProject "Ask_RecipeApp" */ = {
			isa = XCConfigurationList;
			buildConfigurations = (
				6C0A0E6523A126420008A241 /* Debug */,
				6C0A0E6623A126420008A241 /* Release */,
			);
			defaultConfigurationIsVisible = 0;
			defaultConfigurationName = Release;
		};
		6C0A0E6723A126420008A241 /* Build configuration list for PBXNativeTarget "Ask_RecipeApp" */ = {
			isa = XCConfigurationList;
			buildConfigurations = (
				6C0A0E6823A126420008A241 /* Debug */,
				6C0A0E6923A126420008A241 /* Release */,
			);
			defaultConfigurationIsVisible = 0;
			defaultConfigurationName = Release;
		};
/* End XCConfigurationList section */
	};
	rootObject = 6C0A0E4D23A126400008A241 /* Project object */;
}
